
Microsoft Visual Studio Solution File, Format Version 12.00
Project("{FAE04EC0-301F-11D3-BF4B-00C04F79EFBC}") = "27217-apbd-test2", "27217-apbd-test2\27217-apbd-test2.csproj", "{136D2A0A-E1E8-44C5-AAAC-3FE34AAC4707}"
EndProject
Global
	GlobalSection(SolutionConfigurationPlatforms) = preSolution
		Debug|Any CPU = Debug|Any CPU
		Release|Any CPU = Release|Any CPU
	EndGlobalSection
	GlobalSection(ProjectConfigurationPlatforms) = postSolution
		{136D2A0A-E1E8-44C5-AAAC-3FE34AAC4707}.Debug|Any CPU.ActiveCfg = Debug|Any CPU
		{136D2A0A-E1E8-44C5-AAAC-3FE34AAC4707}.Debug|Any CPU.Build.0 = Debug|Any CPU
		{136D2A0A-E1E8-44C5-AAAC-3FE34AAC4707}.Release|Any CPU.ActiveCfg = Release|Any CPU
		{136D2A0A-E1E8-44C5-AAAC-3FE34AAC4707}.Release|Any CPU.Build.0 = Release|Any CPU
	EndGlobalSection
EndGlobal
